
Microsoft Visual Studio Solution File, Format Version 12.00
# Visual Studio Version 17
VisualStudioVersion = 17.1.32328.378
MinimumVisualStudioVersion = 10.0.40219.1
Project("{9A19103F-16F7-4668-BE54-9A1E7A4F7556}") = "MaterialsAPI", "MaterialsAPI\MaterialsAPI.csproj", "{BC1CF72B-7D60-43C0-8038-B75C2B8C2E37}"
EndProject
Project("{FAE04EC0-301F-11D3-BF4B-00C04F79EFBC}") = "MaterialsAPI.Data", "MaterialsAPI.Data\MaterialsAPI.Data.csproj", "{67AF7510-E2E1-4D48-AC05-A9340811D327}"
EndProject
Global
	GlobalSection(SolutionConfigurationPlatforms) = preSolution
		Debug|Any CPU = Debug|Any CPU
		Release|Any CPU = Release|Any CPU
	EndGlobalSection
	GlobalSection(ProjectConfigurationPlatforms) = postSolution
		{BC1CF72B-7D60-43C0-8038-B75C2B8C2E37}.Debug|Any CPU.ActiveCfg = Debug|Any CPU
		{BC1CF72B-7D60-43C0-8038-B75C2B8C2E37}.Debug|Any CPU.Build.0 = Debug|Any CPU
		{BC1CF72B-7D60-43C0-8038-B75C2B8C2E37}.Release|Any CPU.ActiveCfg = Release|Any CPU
		{BC1CF72B-7D60-43C0-8038-B75C2B8C2E37}.Release|Any CPU.Build.0 = Release|Any CPU
		{67AF7510-E2E1-4D48-AC05-A9340811D327}.Debug|Any CPU.ActiveCfg = Debug|Any CPU
		{67AF7510-E2E1-4D48-AC05-A9340811D327}.Debug|Any CPU.Build.0 = Debug|Any CPU
		{67AF7510-E2E1-4D48-AC05-A9340811D327}.Release|Any CPU.ActiveCfg = Release|Any CPU
		{67AF7510-E2E1-4D48-AC05-A9340811D327}.Release|Any CPU.Build.0 = Release|Any CPU
	EndGlobalSection
	GlobalSection(SolutionProperties) = preSolution
		HideSolutionNode = FALSE
	EndGlobalSection
	GlobalSection(ExtensibilityGlobals) = postSolution
		SolutionGuid = {D202BBC8-73F2-43BC-AA4D-9CEE88E3D277}
	EndGlobalSection
EndGlobal
